{
  "name": "aistudio-mesinpintar",
  "version": "1.0.0",
  "lockfileVersion": 3,
  "requires": true,
  "packages": {
    "": {
      "name": "aistudio-mesinpintar",
      "version": "1.0.0",
      "license": "ISC",
      "dependencies": {
        "@google/genai": "^1.15.0",
        "@supabase/supabase-js": "^2.45.0",
        "react": "^18.3.1",
        "react-dom": "^18.3.1"
      },
      "devDependencies": {
        "@types/react": "^18.3.3",
        "@types/react-dom": "^18.3.0",
        "esbuild": "^0.23.0",
        "typescript": "^5.5.3"
      }
    },
    "node_modules/@google/genai": {
      "version": "1.15.0",
      "resolved": "https://registry.npmjs.org/@google/genai/-/genai-1.15.0.tgz",
      "integrity": "sha512-40VvT9L5gX6vS5/zYx1gWbrYke8q/v55lQ2V33M5t79g1OaT2b8Lw8VTRkY+XJ/s/b8Jg/m154aI0g==",
      "engines": {
        "node": ">=18.0.0"
      }
    },
    "node_modules/@supabase/functions-js": {
      "version": "2.4.1",
      "resolved": "https://registry.npmjs.org/@supabase/functions-js/-/functions-js-2.4.1.tgz",
      "integrity": "sha512-J3sK0PMg906r34fB2Qz2U2vj1G+81mMDp6hyf24Ghb8zl1PYT+b9F3Lx0mUcpnNZLsyPwvnp9s31YtLw4Uv6gw==",
      "dependencies": {
        "cross-fetch": "^4.0.0"
      }
    },
    "node_modules/@supabase/gotrue-js": {
      "version": "2.6.2",
      "resolved": "https://registry.npmjs.org/@supabase/gotrue-js/-/gotrue-js-2.6.2.tgz",
      "integrity": "sha512-YI6P0e/0wTO1O/CIiL7e3tN5A7ENoMdp3g8KGLrIFvsmz2Q1bMlddJ4/b/CQ8R17o4A/34bYgcbOViYj/S3s+Q==",
      "dependencies": {
        "cross-fetch": "^4.0.0",
        "jwt-decode": "^3.1.2"
      }
    },
    "node_modules/@supabase/postgrest-js": {
      "version": "1.15.5",
      "resolved": "https://registry.npmjs.org/@supabase/postgrest-js/-/postgrest-js-1.15.5.tgz",
      "integrity": "sha512-s4B+4S3XNqAWk+Mpqk+uU8+7Wru1FjZfQzR+bXW2o8LljHr7MD7K8kpo+5u42Zg2iAezuIP0kYPz4+4d6cQ2fQ==",
      "dependencies": {
        "cross-fetch": "^4.0.0"
      }
    },
    "node_modules/@supabase/realtime-js": {
      "version": "2.9.2",
      "resolved": "https://registry.npmjs.org/@supabase/realtime-js/-/realtime-js-2.9.2.tgz",
      "integrity": "sha512-T9wH6q/y+xODrP1aOQ2PSVbCrS7yB7w3vVX79W3f05v2sUq/p9FpWjfJ2Y9+22A+mYw2e7bJ12/Z8yV/28VqIw==",
      "dependencies": {
        "cross-fetch": "^4.0.0",
        "phoenix-channels": "^1.0.0"
      }
    },
    "node_modules/@supabase/storage-js": {
      "version": "2.5.4",
      "resolved": "https://registry.npmjs.org/@supabase/storage-js/-/storage-js-2.5.4.tgz",
      "integrity": "sha512-Xw+zQGv5lW7KxJ4G3WXv2pA4N2cK1d0wT8mM3nZulqRk//Q2o4w41t2+eAP/a+Uxt/N/hs3lX2w4QYn8b5F0sQ==",
      "dependencies": {
        "cross-fetch": "^4.0.0"
      }
    },
    "node_modules/@supabase/supabase-js": {
      "version": "2.45.0",
      "resolved": "https://registry.npmjs.org/@supabase/supabase-js/-/supabase-js-2.45.0.tgz",
      "integrity": "sha512-KjIuQy/1uFMA4j61nC2y2kUj2J3f/oNj+C4jK21K325QYn5EIPdHT2KmM/GHA+k0bLsoT0+T7+tX5W6w4s4FfQ==",
      "dependencies": {
        "@supabase/functions-js": "^2.4.1",
        "@supabase/gotrue-js": "^2.6.2",
        "@supabase/postgrest-js": "^1.15.5",
        "@supabase/realtime-js": "^2.9.2",
        "@supabase/storage-js": "^2.5.4",
        "cross-fetch": "^4.0.0"
      }
    },
    "node_modules/@types/prop-types": {
      "version": "15.7.12",
      "resolved": "https://registry.npmjs.org/@types/prop-types/-/prop-types-15.7.12.tgz",
      "integrity": "sha512-5zvhXYS3icfNlvmqgAB8oV3tU/NTrxQOKqEfffWeQ43T3HSBCN0a4CYU9dwQMLm60TKEkXv/4o5PoHjK7cKpHw=="
    },
    "node_modules/@types/react": {
      "version": "18.3.3",
      "resolved": "https://registry.npmjs.org/@types/react/-/react-18.3.3.tgz",
      "integrity": "sha512-hti/R0pS0q1/cpxhi1sXtibwgrBGbNw/HG+phrDkKcu5I5jNR/l90tkErIner3e3B8S8z/3k/i8m2B5yxlWn8Q==",
      "dev": true,
      "dependencies": {
        "@types/prop-types": "*",
        "csstype": "^3.0.2"
      }
    },
    "node_modules/@types/react-dom": {
      "version": "18.3.0",
      "resolved": "https://registry.npmjs.org/@types/react-dom/-/react-dom-18.3.0.tgz",
      "integrity": "sha512-eA/Q1PNbV88sQjlzl6r4yKJy2PS1C8Po8RMLw22Tq3aQCKKcwSCgaa2O3npn2iL1pgvLpY+g/2N49/2uC24K/g==",
      "dev": true,
      "dependencies": {
        "@types/react": "*"
      }
    },
    "node_modules/cross-fetch": {
      "version": "4.0.0",
      "resolved": "https://registry.npmjs.org/cross-fetch/-/cross-fetch-4.0.0.tgz",
      "integrity": "sha512-N+g44a2S+QG504i1F2nS+2y75sChLpxVb2kEHjF+C2Kyj8I7Jc9w/9vpwkYp/JCPJ2k0sSCu8kG9rA7gUTX36w=="
    },
    "node_modules/csstype": {
      "version": "3.1.3",
      "resolved": "https://registry.npmjs.org/csstype/-/csstype-3.1.3.tgz",
      "integrity": "sha512-M1uQkMl8rQK/szD0LNhtqxIPLzpkHMy84WfAAssRhbV3xH+S6AQR3CIUrE3eI/1sFpQPTeM+EkG2S2O8w0gpXg==",
      "dev": true
    },
    "node_modules/esbuild": {
      "version": "0.23.0",
      "resolved": "https://registry.npmjs.org/esbuild/-/esbuild-0.23.0.tgz",
      "integrity": "sha512-c/VbBci1kQ52L6jNe1Jhrb6Vd0UIg0X+wmdW+3I3WzV12D3RKWbT81Jj2n8pYyQYhY4t14j3VwQfJ4aBf4A5Q==",
      "cpu": [
        "arm64",
        "x64"
      ],
      "dev": true,
      "hasInstallScript": true,
      "os": [
        "darwin",
        "freebsd",
        "linux",
        "netbsd",
        "openbsd",
        "win32"
      ],
      "bin": {
        "esbuild": "bin/esbuild"
      },
      "engines": {
        "node": ">=12"
      },
      "optionalDependencies": {
        "@esbuild/android-arm": "0.23.0",
        "@esbuild/android-arm64": "0.23.0",
        "@esbuild/android-x64": "0.23.0",
        "@esbuild/darwin-arm64": "0.23.0",
        "@esbuild/darwin-x64": "0.23.0",
        "@esbuild/freebsd-arm64": "0.23.0",
        "@esbuild/freebsd-x64": "0.23.0",
        "@esbuild/linux-arm": "0.23.0",
        "@esbuild/linux-arm64": "0.23.0",
        "@esbuild/linux-ia32": "0.23.0",
        "@esbuild/linux-loong64": "0.23.0",
        "@esbuild/linux-mips64el": "0.23.0",
        "@esbuild/linux-ppc64le": "0.23.0",
        "@esbuild/linux-riscv64": "0.23.0",
        "@esbuild/linux-s390x": "0.23.0",
        "@esbuild/linux-x64": "0.23.0",
        "@esbuild/netbsd-x64": "0.23.0",
        "@esbuild/openbsd-x64": "0.23.0",
        "@esbuild/sunos-x64": "0.23.0",
        "@esbuild/win32-arm64": "0.23.0",
        "@esbuild/win32-ia32": "0.23.0",
        "@esbuild/win32-x64": "0.23.0"
      }
    },
    "node_modules/js-tokens": {
      "version": "4.0.0",
      "resolved": "https://registry.npmjs.org/js-tokens/-/js-tokens-4.0.0.tgz",
      "integrity": "sha512-RdJUflcE3cUzKiMqQgsCu06FPu9UdIJO0beYbPhHN4k6apgJtifcoCtT9bcxOpYBtpD2kCM6Sbzg4CausW/PKQ=="
    },
    "node_modules/jwt-decode": {
      "version": "3.1.2",
      "resolved": "https://registry.npmjs.org/jwt-decode/-/jwt-decode-3.1.2.tgz",
      "integrity": "sha512-UfpWE/VZn0iP50d8cz9v2nA24g+o22llSO5Qo3D8vrS2swwy6d7BCb+V/0mC2FCaSKsZoP2iL2o9p2BGXb4p+A=="
    },
    "node_modules/loose-envify": {
      "version": "1.4.0",
      "resolved": "https://registry.npmjs.org/loose-envify/-/loose-envify-1.4.0.tgz",
      "integrity": "sha512-lyuxPGr/Wfhrlem2CL/UcnUc1zcqKAImBDzukY7Y5F/yQiag5fs/ro9M9Ev7O1H4AYgxB8/eCmWe84DufAxggw==",
      "dependencies": {
        "js-tokens": "^3.0.0 || ^4.0.0"
      },
      "bin": {
        "loose-envify": "cli.js"
      }
    },
    "node_modules/phoenix-channels": {
      "version": "1.0.0",
      "resolved": "https://registry.npmjs.org/phoenix-channels/-/phoenix-channels-1.0.0.tgz",
      "integrity": "sha512-YyW2KXhG+5rVq8Qobbl2jF3e5z1Gq35zT9p2pLBlA1k4Ua722Fk3qDAv6QZJpLp0A75b3bHtR94jP+wXm7Ljw=="
    },
    "node_modules/react": {
      "version": "18.3.1",
      "resolved": "https://registry.npmjs.org/react/-/react-18.3.1.tgz",
      "integrity": "sha512-wS+hAgJShR0KH+9CLdG3fNqOJnpOD8/1+2SRUh2dLDw6wdaSiGML3Ciif2bM5tp/iL5wNo+IFDJntE0loTGMfA==",
      "dependencies": {
        "loose-envify": "^1.1.0"
      },
      "engines": {
        "node": ">=0.10.0"
      }
    },
    "node_modules/react-dom": {
      "version": "18.3.1",
      "resolved": "https://registry.npmjs.org/react-dom/-/react-dom-18.3.1.tgz",
      "integrity": "sha512-5m4lB43P+b7L0/MgL1gBIz0vESM8ZEmkOd/wMr39j1TH4yPCmloF2S9eR9xM2o4L5e22kUf0olL1Kj1/u2lqjw==",
      "dependencies": {
        "loose-envify": "^1.1.0",
        "scheduler": "^0.23.2"
      },
      "peerDependencies": {
        "react": "^18.3.1"
      }
    },
    "node_modules/scheduler": {
      "version": "0.23.2",
      "resolved": "https://registry.npmjs.org/scheduler/-/scheduler-0.23.2.tgz",
      "integrity": "sha512-7PfvD5/kavfDBDBP40gL5m3s/ohGg/xT2FkbuOOksbGTa6T0v9sI+w55Yy3+6e3AivmRyfF9SPz5o0C6Mv/MmA==",
      "dependencies": {
        "loose-envify": "^1.1.0"
      }
    },
    "node_modules/typescript": {
      "version": "5.5.3",
      "resolved": "https://registry.npmjs.org/typescript/-/typescript-5.5.3.tgz",
      "integrity": "sha512-FNk8itgrfgtgBheO0T3nsFh34Tf3sL4NloiTj2beoDM/bY21J1/R2mYop2n1Tj40WJwuD4vHw1Q2rYyv2eAUg==",
      "dev": true,
      "bin": {
        "tsc": "bin/tsc",
        "tsserver": "bin/tsserver"
      },
      "engines": {
        "node": ">=14.17"
      }
    }
  }
}